hash: a12ed644cd57aef0ee740231bff93c1980b4d8ca0c893afefc57ba0ed56a62de
updated: 2017-01-20T14:32:03.29961742-05:00
imports:
- name: github.com/davecgh/go-spew
  version: 346938d642f2ec3594ed81d874461961cd0faa76
  subpackages:
  - spew
- name: github.com/gorilla/websocket
  version: 2d1e4548da234d9cb742cc3628556fef86aafbac
- name: github.com/mattn/go-isatty
  version: 30a891c33c7cde7b02a981314b4228ec99380cca
- name: github.com/mgutz/ansi
  version: c286dcecd19ff979eeb73ea444e479b903f2cfcb
- name: github.com/unchartedsoftware/plog
  version: bbb4bc4151f23ea489aff06d2a27f10e1a935993
- name: github.com/unchartedsoftware/prism
  version: ac63f04c967a42ad6bd0a6f30b17a7643e0f30db
  repo: git@github.com:unchartedsoftware/prism.git
  vcs: git
  subpackages:
  - binning
  - util/color
  - util/json
  - util/promise
- name: github.com/vova616/xxhash
  version: f0a9a8b74d487f9563a527daf3bd6b4fbd3f5d00
- name: golang.org/x/sys
  version: 30237cf4eefd639b184d1f2cb77a581ea0be8947
  subpackages:
  - unix
testImports: []
