hash: d4dc77c7c2504f34fd2f7bb295f1d770b3b4b3cf8052c56c2d9dec699e53e485
updated: 2016-10-11T13:34:08.576840439-04:00
imports:
- name: github.com/gorilla/websocket
  version: 2d1e4548da234d9cb742cc3628556fef86aafbac
- name: github.com/mgutz/ansi
  version: c286dcecd19ff979eeb73ea444e479b903f2cfcb
- name: github.com/Sirupsen/logrus
  version: 3ec0642a7fb6488f65b06f9040adc67e3990296a
- name: github.com/unchartedsoftware/plog
  version: 24c9313ea3ff2a86868f9961420e5b72fb83a019
- name: github.com/unchartedsoftware/prism
  version: 5398bee8edd24e1a923ae04df8e18b9def146daa
  repo: git@github.com:unchartedsoftware/prism.git
  vcs: git
  subpackages:
  - binning
  - generation/meta
  - generation/tile
  - store
  - util
  - util/promise
- name: github.com/vova616/xxhash
  version: f0a9a8b74d487f9563a527daf3bd6b4fbd3f5d00
- name: github.com/zenazn/goji
  version: 64eb34159fe53473206c2b3e70fe396a639452f2
  subpackages:
  - web
  - web/mutil
- name: golang.org/x/sys
  version: 8f0908ab3b2457e2e15403d3697c9ef5cb4b57a9
  subpackages:
  - unix
testImports: []
