github.com/davecgh/go-spew v1.1.0 h1:ZDRjVQ15GmhC3fiQ8ni8+OwkZQO4DARzQgrnXU1Liz8=
github.com/davecgh/go-spew v1.1.0/go.mod h1:J7Y8YcW2NihsgmVo/mv3lAwl/skON4iLHjSsI+c5H38=
github.com/golang/lint v0.0.0-20181026193005-c67002cb31c3 h1:I4BOK3PBMjhWfQM2zPJKK7lOBGsrsvOB7kBELP33hiE=
github.com/golang/lint v0.0.0-20181026193005-c67002cb31c3/go.mod h1:tluoj9z5200jBnyusfRPU2LqT6J+DAorxEvtC7LHB+E=
github.com/gorilla/websocket v0.0.0-20170319172727-a91eba7f9777 h1:JIM+OacoOJRU30xpjMf8sulYqjr0ViA3WDrTX6j/yDI=
github.com/gorilla/websocket v0.0.0-20170319172727-a91eba7f9777/go.mod h1:E7qHFY5m1UJ88s3WnNqhKjPHQ0heANvMoAMk2YaljkQ=
github.com/hpcloud/tail v1.0.0/go.mod h1:ab1qPbhIpdTxEkNHXyeSf5vhxWSCs/tWer42PpOxQnU=
github.com/mattn/go-colorable v0.0.8 h1:KatiXbcoFpoKmM5pL0yhug+tx/POfZO+0aVsuGhUhgo=
github.com/mattn/go-colorable v0.0.8/go.mod h1:9vuHe8Xs5qXnSaW/c/ABM9alt+Vo+STaOChaDxuIBZU=
github.com/mattn/go-isatty v0.0.2 h1:F+DnWktyadxnOrohKLNUC9/GjFii5RJgY4GFG6ilggw=
github.com/mattn/go-isatty v0.0.2/go.mod h1:M+lRXTBqGeGNdLjl/ufCoiOlB5xdOkqRJdNxMWT7Zi4=
github.com/mgutz/ansi v0.0.0-20170206155736-9520e82c474b/go.mod h1:01TrycV0kFyexm33Z7vhZRXopbI8J3TDReVlkTgMUxE=
github.com/onsi/ginkgo v1.6.0/go.mod h1:lLunBs/Ym6LB5Z9jYTR76FiuTmxDTDusOGeTQH+WWjE=
github.com/unchartedsoftware/plog v0.0.0-20170413154239-34d2bbd3c0a9/go.mod h1:PrytgQ5GjTc6Z5/pbL5vj1UhD716wDobDeimrd7lRKY=
github.com/unchartedsoftware/veldt v0.0.0-20180906220031-5ec3ecce17bd h1:LlhVJ6Bcdm+fDT/hQmgmZF5KccJjgzIunx2rA7Qu+BE=
github.com/unchartedsoftware/veldt v0.0.0-20180906220031-5ec3ecce17bd/go.mod h1:BX2e+EjGb0FuTgxZ4zL+nqrVVMhYCbx4dBpnV9j+TYg=
github.com/vova616/xxhash v0.0.0-20130313230233-f0a9a8b74d48 h1:XYef2jcFEKziHl4rv/21jrNeQg6Z3gL345u16fHWVDo=
github.com/vova616/xxhash v0.0.0-20130313230233-f0a9a8b74d48/go.mod h1:E/Q5UxH/qEZkOl5P6vKXtsJsQL2b96TF4eKuTbRhpmk=
golang.org/x/lint v0.0.0-20181026193005-c67002cb31c3 h1:x/bBzNauLQAlE3fLku/xy92Y8QwKX5HZymrMz2IiKFc=
golang.org/x/lint v0.0.0-20181026193005-c67002cb31c3/go.mod h1:UVdnD1Gm6xHRNCYTkRU2/jEulfH38KcIWyp/GAMgvoE=
golang.org/x/sys v0.0.0-20170615053224-fb4cac33e319 h1:VOzr22cZ/j39L4pIzz1fEBJewkELEkgJuuLZHCdzFRg=
golang.org/x/sys v0.0.0-20170615053224-fb4cac33e319/go.mod h1:STP8DvDyc/dI5b8T5hshtkjS+E42TnysNCUPdjciGhY=
golang.org/x/tools v0.0.0-20181030151751-bb28844c46df h1:4+Wruypv9iYfX2bCPjBhtI9LGtloGYdPA9n9iLjaS7I=
golang.org/x/tools v0.0.0-20181030151751-bb28844c46df/go.mod h1:n7NCudcB/nEzxVGmLbDWY5pfWTLqBcC2KZ6jyYvM4mQ=
gopkg.in/fsnotify.v1 v1.4.7/go.mod h1:Tz8NjZHkW78fSQdbUxIjBTcgA1z1m8ZHf0WmKUhAMys=
gopkg.in/tomb.v1 v1.0.0-20141024135613-dd632973f1e7/go.mod h1:dt/ZhP58zS4L8KSrWDmTeBkI65Dw0HsyUHuEVlX15mw=
